
Microsoft Visual Studio Solution File, Format Version 12.00
# Visual Studio Version 16
VisualStudioVersion = 16.0.31605.320
MinimumVisualStudioVersion = 10.0.40219.1
Project("{9A19103F-16F7-4668-BE54-9A1E7A4F7556}") = "Epicentr", "Epicentr\Epicentr.csproj", "{CC769AF8-30C9-4B62-ACF4-ED265AF40866}"
EndProject
Project("{9A19103F-16F7-4668-BE54-9A1E7A4F7556}") = "Epicentr.IntegrationTests", "Epicentr.IntegrationTests\Epicentr.IntegrationTests.csproj", "{907C6CD1-9BFE-434A-9E72-A3B859BA8D23}"
EndProject
Global
	GlobalSection(SolutionConfigurationPlatforms) = preSolution
		Debug|Any CPU = Debug|Any CPU
		Release|Any CPU = Release|Any CPU
	EndGlobalSection
	GlobalSection(ProjectConfigurationPlatforms) = postSolution
		{CC769AF8-30C9-4B62-ACF4-ED265AF40866}.Debug|Any CPU.ActiveCfg = Debug|Any CPU
		{CC769AF8-30C9-4B62-ACF4-ED265AF40866}.Debug|Any CPU.Build.0 = Debug|Any CPU
		{CC769AF8-30C9-4B62-ACF4-ED265AF40866}.Release|Any CPU.ActiveCfg = Release|Any CPU
		{CC769AF8-30C9-4B62-ACF4-ED265AF40866}.Release|Any CPU.Build.0 = Release|Any CPU
		{907C6CD1-9BFE-434A-9E72-A3B859BA8D23}.Debug|Any CPU.ActiveCfg = Debug|Any CPU
		{907C6CD1-9BFE-434A-9E72-A3B859BA8D23}.Debug|Any CPU.Build.0 = Debug|Any CPU
		{907C6CD1-9BFE-434A-9E72-A3B859BA8D23}.Release|Any CPU.ActiveCfg = Release|Any CPU
		{907C6CD1-9BFE-434A-9E72-A3B859BA8D23}.Release|Any CPU.Build.0 = Release|Any CPU
	EndGlobalSection
	GlobalSection(SolutionProperties) = preSolution
		HideSolutionNode = FALSE
	EndGlobalSection
	GlobalSection(ExtensibilityGlobals) = postSolution
		SolutionGuid = {64D14DC8-4068-49EE-9377-ABE89A5D00FA}
	EndGlobalSection
EndGlobal
